dependencies:
- name: elasticsearch
  repository: https://charts.bitnami.com/bitnami
  version: 12.0.1
- name: kibana
  repository: https://charts.bitnami.com/bitnami
  version: 5.0.17
- name: logstash
  repository: https://charts.bitnami.com/bitnami
  version: 0.2.18
digest: sha256:b0ebc6b54ea8851f773661c28737beb79000b237d6df7716a770ce959c578553
generated: "2020-05-02T15:20:12.611400889+02:00"
